
Microsoft Visual Studio Solution File, Format Version 12.00
# Visual Studio Version 16
VisualStudioVersion = 16.0.32630.194
MinimumVisualStudioVersion = 10.0.40219.1
Project("{FAE04EC0-301F-11D3-BF4B-00C04F79EFBC}") = "Tarjeta", "Tarjeta\Tarjeta.csproj", "{BB283939-BDB7-49ED-89C9-7E1C35FDAAC9}"
EndProject
Global
	GlobalSection(SolutionConfigurationPlatforms) = preSolution
		Debug|Any CPU = Debug|Any CPU
		Release|Any CPU = Release|Any CPU
	EndGlobalSection
	GlobalSection(ProjectConfigurationPlatforms) = postSolution
		{BB283939-BDB7-49ED-89C9-7E1C35FDAAC9}.Debug|Any CPU.ActiveCfg = Debug|Any CPU
		{BB283939-BDB7-49ED-89C9-7E1C35FDAAC9}.Debug|Any CPU.Build.0 = Debug|Any CPU
		{BB283939-BDB7-49ED-89C9-7E1C35FDAAC9}.Release|Any CPU.ActiveCfg = Release|Any CPU
		{BB283939-BDB7-49ED-89C9-7E1C35FDAAC9}.Release|Any CPU.Build.0 = Release|Any CPU
	EndGlobalSection
	GlobalSection(SolutionProperties) = preSolution
		HideSolutionNode = FALSE
	EndGlobalSection
	GlobalSection(ExtensibilityGlobals) = postSolution
		SolutionGuid = {150D549B-B226-4F23-890B-6EEC99449081}
	EndGlobalSection
EndGlobal
